// !$*UTF8*$!
{
	archiveVersion = 1;
	classes = {
	};
	objectVersion = 55;
	objects = {

/* Begin PBXBuildFile section */
		533B576127E922CE005BEF61 /* AppleWalletUIApp.swift in Sources */ = {isa = PBXBuildFile; fileRef = 533B576027E922CE005BEF61 /* AppleWalletUIApp.swift */; };
		533B576327E922CE005BEF61 /* WalletView.swift in Sources */ = {isa = PBXBuildFile; fileRef = 533B576227E922CE005BEF61 /* WalletView.swift */; };
		533B576527E922CF005BEF61 /* Assets.xcassets in Resources */ = {isa = PBXBuildFile; fileRef = 533B576427E922CF005BEF61 /* Assets.xcassets */; };
		533B576827E922CF005BEF61 /* Preview Assets.xcassets in Resources */ = {isa = PBXBuildFile; fileRef = 533B576727E922CF005BEF61 /* Preview Assets.xcassets */; };
		533B577027E92666005BEF61 /* Card.swift in Sources */ = {isa = PBXBuildFile; fileRef = 533B576F27E92666005BEF61 /* Card.swift */; };
		533B577427E9267E005BEF61 /* Transaction.swift in Sources */ = {isa = PBXBuildFile; fileRef = 533B577327E9267E005BEF61 /* Transaction.swift */; };
		533B577727E92719005BEF61 /* TransactionView.swift in Sources */ = {isa = PBXBuildFile; fileRef = 533B577627E92719005BEF61 /* TransactionView.swift */; };
		533B577A27E928D3005BEF61 /* TransactionHistoryView.swift in Sources */ = {isa = PBXBuildFile; fileRef = 533B577927E928D3005BEF61 /* TransactionHistoryView.swift */; };
		533B577D27E9307B005BEF61 /* CardView.swift in Sources */ = {isa = PBXBuildFile; fileRef = 533B577C27E9307B005BEF61 /* CardView.swift */; };
/* End PBXBuildFile section */

/* Begin PBXFileReference section */
		533B575D27E922CE005BEF61 /* AppleWalletUI.app */ = {isa = PBXFileReference; explicitFileType = wrapper.application; includeInIndex = 0; path = AppleWalletUI.app; sourceTree = BUILT_PRODUCTS_DIR; };
		533B576027E922CE005BEF61 /* AppleWalletUIApp.swift */ = {isa = PBXFileReference; lastKnownFileType = sourcecode.swift; path = AppleWalletUIApp.swift; sourceTree = "<group>"; };
		533B576227E922CE005BEF61 /* WalletView.swift */ = {isa = PBXFileReference; lastKnownFileType = sourcecode.swift; path = WalletView.swift; sourceTree = "<group>"; };
		533B576427E922CF005BEF61 /* Assets.xcassets */ = {isa = PBXFileReference; lastKnownFileType = folder.assetcatalog; path = Assets.xcassets; sourceTree = "<group>"; };
		533B576727E922CF005BEF61 /* Preview Assets.xcassets */ = {isa = PBXFileReference; lastKnownFileType = folder.assetcatalog; path = "Preview Assets.xcassets"; sourceTree = "<group>"; };
		533B576F27E92666005BEF61 /* Card.swift */ = {isa = PBXFileReference; lastKnownFileType = sourcecode.swift; path = Card.swift; sourceTree = "<group>"; };
		533B577327E9267E005BEF61 /* Transaction.swift */ = {isa = PBXFileReference; lastKnownFileType = sourcecode.swift; path = Transaction.swift; sourceTree = "<group>"; };
		533B577627E92719005BEF61 /* TransactionView.swift */ = {isa = PBXFileReference; lastKnownFileType = sourcecode.swift; path = TransactionView.swift; sourceTree = "<group>"; };
		533B577927E928D3005BEF61 /* TransactionHistoryView.swift */ = {isa = PBXFileReference; lastKnownFileType = sourcecode.swift; path = TransactionHistoryView.swift; sourceTree = "<group>"; };
		533B577C27E9307B005BEF61 /* CardView.swift */ = {isa = PBXFileReference; lastKnownFileType = sourcecode.swift; path = CardView.swift; sourceTree = "<group>"; };
/* End PBXFileReference section */

/* Begin PBXFrameworksBuildPhase section */
		533B575A27E922CE005BEF61 /* Frameworks */ = {
			isa = PBXFrameworksBuildPhase;
			buildActionMask = 2147483647;
			files = (
			);
			runOnlyForDeploymentPostprocessing = 0;
		};
/* End PBXFrameworksBuildPhase section */

/* Begin PBXGroup section */
		533B575427E922CE005BEF61 = {
			isa = PBXGroup;
			children = (
				533B575F27E922CE005BEF61 /* AppleWalletUI */,
				533B575E27E922CE005BEF61 /* Products */,
			);
			sourceTree = "<group>";
		};
		533B575E27E922CE005BEF61 /* Products */ = {
			isa = PBXGroup;
			children = (
				533B575D27E922CE005BEF61 /* AppleWalletUI.app */,
			);
			name = Products;
			sourceTree = "<group>";
		};
		533B575F27E922CE005BEF61 /* AppleWalletUI */ = {
			isa = PBXGroup;
			children = (
				533B576E27E9265D005BEF61 /* Model */,
				533B577527E926A9005BEF61 /* Views */,
				533B576027E922CE005BEF61 /* AppleWalletUIApp.swift */,
				533B576427E922CF005BEF61 /* Assets.xcassets */,
				533B576627E922CF005BEF61 /* Preview Content */,
			);
			path = AppleWalletUI;
			sourceTree = "<group>";
		};
		533B576627E922CF005BEF61 /* Preview Content */ = {
			isa = PBXGroup;
			children = (
				533B576727E922CF005BEF61 /* Preview Assets.xcassets */,
			);
			path = "Preview Content";
			sourceTree = "<group>";
		};
		533B576E27E9265D005BEF61 /* Model */ = {
			isa = PBXGroup;
			children = (
				533B576F27E92666005BEF61 /* Card.swift */,
				533B577327E9267E005BEF61 /* Transaction.swift */,
			);
			path = Model;
			sourceTree = "<group>";
		};
		533B577527E926A9005BEF61 /* Views */ = {
			isa = PBXGroup;
			children = (
				533B577B27E93072005BEF61 /* CardView */,
				533B577827E928C2005BEF61 /* Transaction */,
				533B576227E922CE005BEF61 /* WalletView.swift */,
			);
			path = Views;
			sourceTree = "<group>";
		};
		533B577827E928C2005BEF61 /* Transaction */ = {
			isa = PBXGroup;
			children = (
				533B577627E92719005BEF61 /* TransactionView.swift */,
				533B577927E928D3005BEF61 /* TransactionHistoryView.swift */,
			);
			path = Transaction;
			sourceTree = "<group>";
		};
		533B577B27E93072005BEF61 /* CardView */ = {
			isa = PBXGroup;
			children = (
				533B577C27E9307B005BEF61 /* CardView.swift */,
			);
			path = CardView;
			sourceTree = "<group>";
		};
/* End PBXGroup section */

/* Begin PBXNativeTarget section */
		533B575C27E922CE005BEF61 /* AppleWalletUI */ = {
			isa = PBXNativeTarget;
			buildConfigurationList = 533B576B27E922CF005BEF61 /* Build configuration list for PBXNativeTarget "AppleWalletUI" */;
			buildPhases = (
				533B575927E922CE005BEF61 /* Sources */,
				533B575A27E922CE005BEF61 /* Frameworks */,
				533B575B27E922CE005BEF61 /* Resources */,
			);
			buildRules = (
			);
			dependencies = (
			);
			name = AppleWalletUI;
			productName = AppleWalletUI;
			productReference = 533B575D27E922CE005BEF61 /* AppleWalletUI.app */;
			productType = "com.apple.product-type.application";
		};
/* End PBXNativeTarget section */

/* Begin PBXProject section */
		533B575527E922CE005BEF61 /* Project object */ = {
			isa = PBXProject;
			attributes = {
				BuildIndependentTargetsInParallel = 1;
				LastSwiftUpdateCheck = 1320;
				LastUpgradeCheck = 1320;
				TargetAttributes = {
					533B575C27E922CE005BEF61 = {
						CreatedOnToolsVersion = 13.2;
					};
				};
			};
			buildConfigurationList = 533B575827E922CE005BEF61 /* Build configuration list for PBXProject "AppleWalletUI" */;
			compatibilityVersion = "Xcode 13.0";
			developmentRegion = en;
			hasScannedForEncodings = 0;
			knownRegions = (
				en,
				Base,
			);
			mainGroup = 533B575427E922CE005BEF61;
			productRefGroup = 533B575E27E922CE005BEF61 /* Products */;
			projectDirPath = "";
			projectRoot = "";
			targets = (
				533B575C27E922CE005BEF61 /* AppleWalletUI */,
			);
		};
/* End PBXProject section */

/* Begin PBXResourcesBuildPhase section */
		533B575B27E922CE005BEF61 /* Resources */ = {
			isa = PBXResourcesBuildPhase;
			buildActionMask = 2147483647;
			files = (
				533B576827E922CF005BEF61 /* Preview Assets.xcassets in Resources */,
				533B576527E922CF005BEF61 /* Assets.xcassets in Resources */,
			);
			runOnlyForDeploymentPostprocessing = 0;
		};
/* End PBXResourcesBuildPhase section */

/* Begin PBXSourcesBuildPhase section */
		533B575927E922CE005BEF61 /* Sources */ = {
			isa = PBXSourcesBuildPhase;
			buildActionMask = 2147483647;
			files = (
				533B577D27E9307B005BEF61 /* CardView.swift in Sources */,
				533B576327E922CE005BEF61 /* WalletView.swift in Sources */,
				533B577027E92666005BEF61 /* Card.swift in Sources */,
				533B577727E92719005BEF61 /* TransactionView.swift in Sources */,
				533B577427E9267E005BEF61 /* Transaction.swift in Sources */,
				533B577A27E928D3005BEF61 /* TransactionHistoryView.swift in Sources */,
				533B576127E922CE005BEF61 /* AppleWalletUIApp.swift in Sources */,
			);
			runOnlyForDeploymentPostprocessing = 0;
		};
/* End PBXSourcesBuildPhase section */

/* Begin XCBuildConfiguration section */
		533B576927E922CF005BEF61 /* Debug */ = {
			isa = XCBuildConfiguration;
			buildSettings = {
				ALWAYS_SEARCH_USER_PATHS = NO;
				CLANG_ANALYZER_NONNULL = YES;
				CLANG_ANALYZER_NUMBER_OBJECT_CONVERSION = YES_AGGRESSIVE;
				CLANG_CXX_LANGUAGE_STANDARD = "gnu++17";
				CLANG_CXX_LIBRARY = "libc++";
				CLANG_ENABLE_MODULES = YES;
				CLANG_ENABLE_OBJC_ARC = YES;
				CLANG_ENABLE_OBJC_WEAK = YES;
				CLANG_WARN_BLOCK_CAPTURE_AUTORELEASING = YES;
				CLANG_WARN_BOOL_CONVERSION = YES;
				CLANG_WARN_COMMA = YES;
				CLANG_WARN_CONSTANT_CONVERSION = YES;
				CLANG_WARN_DEPRECATED_OBJC_IMPLEMENTATIONS = YES;
				CLANG_WARN_DIRECT_OBJC_ISA_USAGE = YES_ERROR;
				CLANG_WARN_DOCUMENTATION_COMMENTS = YES;
				CLANG_WARN_EMPTY_BODY = YES;
				CLANG_WARN_ENUM_CONVERSION = YES;
				CLANG_WARN_INFINITE_RECURSION = YES;
				CLANG_WARN_INT_CONVERSION = YES;
				CLANG_WARN_NON_LITERAL_NULL_CONVERSION = YES;
				CLANG_WARN_OBJC_IMPLICIT_RETAIN_SELF = YES;
				CLANG_WARN_OBJC_LITERAL_CONVERSION = YES;
				CLANG_WARN_OBJC_ROOT_CLASS = YES_ERROR;
				CLANG_WARN_QUOTED_INCLUDE_IN_FRAMEWORK_HEADER = YES;
				CLANG_WARN_RANGE_LOOP_ANALYSIS = YES;
				CLANG_WARN_STRICT_PROTOTYPES = YES;
				CLANG_WARN_SUSPICIOUS_MOVE = YES;
				CLANG_WARN_UNGUARDED_AVAILABILITY = YES_AGGRESSIVE;
				CLANG_WARN_UNREACHABLE_CODE = YES;
				CLANG_WARN__DUPLICATE_METHOD_MATCH = YES;
				COPY_PHASE_STRIP = NO;
				DEBUG_INFORMATION_FORMAT = dwarf;
				ENABLE_STRICT_OBJC_MSGSEND = YES;
				ENABLE_TESTABILITY = YES;
				GCC_C_LANGUAGE_STANDARD = gnu11;
				GCC_DYNAMIC_NO_PIC = NO;
				GCC_NO_COMMON_BLOCKS = YES;
				GCC_OPTIMIZATION_LEVEL = 0;
				GCC_PREPROCESSOR_DEFINITIONS = (
					"DEBUG=1",
					"$(inherited)",
				);
				GCC_WARN_64_TO_32_BIT_CONVERSION = YES;
				GCC_WARN_ABOUT_RETURN_TYPE = YES_ERROR;
				GCC_WARN_UNDECLARED_SELECTOR = YES;
				GCC_WARN_UNINITIALIZED_AUTOS = YES_AGGRESSIVE;
				GCC_WARN_UNUSED_FUNCTION = YES;
				GCC_WARN_UNUSED_VARIABLE = YES;
				IPHONEOS_DEPLOYMENT_TARGET = 15.2;
				MTL_ENABLE_DEBUG_INFO = INCLUDE_SOURCE;
				MTL_FAST_MATH = YES;
				ONLY_ACTIVE_ARCH = YES;
				SDKROOT = iphoneos;
				SWIFT_ACTIVE_COMPILATION_CONDITIONS = DEBUG;
				SWIFT_OPTIMIZATION_LEVEL = "-Onone";
			};
			name = Debug;
		};
		533B576A27E922CF005BEF61 /* Release */ = {
			isa = XCBuildConfiguration;
			buildSettings = {
				ALWAYS_SEARCH_USER_PATHS = NO;
				CLANG_ANALYZER_NONNULL = YES;
				CLANG_ANALYZER_NUMBER_OBJECT_CONVERSION = YES_AGGRESSIVE;
				CLANG_CXX_LANGUAGE_STANDARD = "gnu++17";
				CLANG_CXX_LIBRARY = "libc++";
				CLANG_ENABLE_MODULES = YES;
				CLANG_ENABLE_OBJC_ARC = YES;
				CLANG_ENABLE_OBJC_WEAK = YES;
				CLANG_WARN_BLOCK_CAPTURE_AUTORELEASING = YES;
				CLANG_WARN_BOOL_CONVERSION = YES;
				CLANG_WARN_COMMA = YES;
				CLANG_WARN_CONSTANT_CONVERSION = YES;
				CLANG_WARN_DEPRECATED_OBJC_IMPLEMENTATIONS = YES;
				CLANG_WARN_DIRECT_OBJC_ISA_USAGE = YES_ERROR;
				CLANG_WARN_DOCUMENTATION_COMMENTS = YES;
				CLANG_WARN_EMPTY_BODY = YES;
				CLANG_WARN_ENUM_CONVERSION = YES;
				CLANG_WARN_INFINITE_RECURSION = YES;
				CLANG_WARN_INT_CONVERSION = YES;
				CLANG_WARN_NON_LITERAL_NULL_CONVERSION = YES;
				CLANG_WARN_OBJC_IMPLICIT_RETAIN_SELF = YES;
				CLANG_WARN_OBJC_LITERAL_CONVERSION = YES;
				CLANG_WARN_OBJC_ROOT_CLASS = YES_ERROR;
				CLANG_WARN_QUOTED_INCLUDE_IN_FRAMEWORK_HEADER = YES;
				CLANG_WARN_RANGE_LOOP_ANALYSIS = YES;
				CLANG_WARN_STRICT_PROTOTYPES = YES;
				CLANG_WARN_SUSPICIOUS_MOVE = YES;
				CLANG_WARN_UNGUARDED_AVAILABILITY = YES_AGGRESSIVE;
				CLANG_WARN_UNREACHABLE_CODE = YES;
				CLANG_WARN__DUPLICATE_METHOD_MATCH = YES;
				COPY_PHASE_STRIP = NO;
				DEBUG_INFORMATION_FORMAT = "dwarf-with-dsym";
				ENABLE_NS_ASSERTIONS = NO;
				ENABLE_STRICT_OBJC_MSGSEND = YES;
				GCC_C_LANGUAGE_STANDARD = gnu11;
				GCC_NO_COMMON_BLOCKS = YES;
				GCC_WARN_64_TO_32_BIT_CONVERSION = YES;
				GCC_WARN_ABOUT_RETURN_TYPE = YES_ERROR;
				GCC_WARN_UNDECLARED_SELECTOR = YES;
				GCC_WARN_UNINITIALIZED_AUTOS = YES_AGGRESSIVE;
				GCC_WARN_UNUSED_FUNCTION = YES;
				GCC_WARN_UNUSED_VARIABLE = YES;
				IPHONEOS_DEPLOYMENT_TARGET = 15.2;
				MTL_ENABLE_DEBUG_INFO = NO;
				MTL_FAST_MATH = YES;
				SDKROOT = iphoneos;
				SWIFT_COMPILATION_MODE = wholemodule;
				SWIFT_OPTIMIZATION_LEVEL = "-O";
				VALIDATE_PRODUCT = YES;
			};
			name = Release;
		};
		533B576C27E922CF005BEF61 /* Debug */ = {
			isa = XCBuildConfiguration;
			buildSettings = {
				ASSETCATALOG_COMPILER_APPICON_NAME = AppIcon;
				ASSETCATALOG_COMPILER_GLOBAL_ACCENT_COLOR_NAME = AccentColor;
				CODE_SIGN_STYLE = Automatic;
				CURRENT_PROJECT_VERSION = 1;
				DEVELOPMENT_ASSET_PATHS = "\"AppleWalletUI/Preview Content\"";
				DEVELOPMENT_TEAM = CAZYY7RZVW;
				ENABLE_PREVIEWS = YES;
				GENERATE_INFOPLIST_FILE = YES;
				INFOPLIST_KEY_UIApplicationSceneManifest_Generation = YES;
				INFOPLIST_KEY_UIApplicationSupportsIndirectInputEvents = YES;
				INFOPLIST_KEY_UILaunchScreen_Generation = YES;
				INFOPLIST_KEY_UISupportedInterfaceOrientations_iPad = "UIInterfaceOrientationPortrait UIInterfaceOrientationPortraitUpsideDown UIInterfaceOrientationLandscapeLeft UIInterfaceOrientationLandscapeRight";
				INFOPLIST_KEY_UISupportedInterfaceOrientations_iPhone = "UIInterfaceOrientationPortrait UIInterfaceOrientationLandscapeLeft UIInterfaceOrientationLandscapeRight";
				LD_RUNPATH_SEARCH_PATHS = (
					"$(inherited)",
					"@executable_path/Frameworks",
				);
				MARKETING_VERSION = 1.0;
				PRODUCT_BUNDLE_IDENTIFIER = com.ahmedAmin.AppleWalletUI;
				PRODUCT_NAME = "$(TARGET_NAME)";
				SWIFT_EMIT_LOC_STRINGS = YES;
				SWIFT_VERSION = 5.0;
				TARGETED_DEVICE_FAMILY = "1,2";
			};
			name = Debug;
		};
		533B576D27E922CF005BEF61 /* Release */ = {
			isa = XCBuildConfiguration;
			buildSettings = {
				ASSETCATALOG_COMPILER_APPICON_NAME = AppIcon;
				ASSETCATALOG_COMPILER_GLOBAL_ACCENT_COLOR_NAME = AccentColor;
				CODE_SIGN_STYLE = Automatic;
				CURRENT_PROJECT_VERSION = 1;
				DEVELOPMENT_ASSET_PATHS = "\"AppleWalletUI/Preview Content\"";
				DEVELOPMENT_TEAM = CAZYY7RZVW;
				ENABLE_PREVIEWS = YES;
				GENERATE_INFOPLIST_FILE = YES;
				INFOPLIST_KEY_UIApplicationSceneManifest_Generation = YES;
				INFOPLIST_KEY_UIApplicationSupportsIndirectInputEvents = YES;
				INFOPLIST_KEY_UILaunchScreen_Generation = YES;
				INFOPLIST_KEY_UISupportedInterfaceOrientations_iPad = "UIInterfaceOrientationPortrait UIInterfaceOrientationPortraitUpsideDown UIInterfaceOrientationLandscapeLeft UIInterfaceOrientationLandscapeRight";
				INFOPLIST_KEY_UISupportedInterfaceOrientations_iPhone = "UIInterfaceOrientationPortrait UIInterfaceOrientationLandscapeLeft UIInterfaceOrientationLandscapeRight";
				LD_RUNPATH_SEARCH_PATHS = (
					"$(inherited)",
					"@executable_path/Frameworks",
				);
				MARKETING_VERSION = 1.0;
				PRODUCT_BUNDLE_IDENTIFIER = com.ahmedAmin.AppleWalletUI;
				PRODUCT_NAME = "$(TARGET_NAME)";
				SWIFT_EMIT_LOC_STRINGS = YES;
				SWIFT_VERSION = 5.0;
				TARGETED_DEVICE_FAMILY = "1,2";
			};
			name = Release;
		};
/* End XCBuildConfiguration section */

/* Begin XCConfigurationList section */
		533B575827E922CE005BEF61 /* Build configuration list for PBXProject "AppleWalletUI" */ = {
			isa = XCConfigurationList;
			buildConfigurations = (
				533B576927E922CF005BEF61 /* Debug */,
				533B576A27E922CF005BEF61 /* Release */,
			);
			defaultConfigurationIsVisible = 0;
			defaultConfigurationName = Release;
		};
		533B576B27E922CF005BEF61 /* Build configuration list for PBXNativeTarget "AppleWalletUI" */ = {
			isa = XCConfigurationList;
			buildConfigurations = (
				533B576C27E922CF005BEF61 /* Debug */,
				533B576D27E922CF005BEF61 /* Release */,
			);
			defaultConfigurationIsVisible = 0;
			defaultConfigurationName = Release;
		};
/* End XCConfigurationList section */
	};
	rootObject = 533B575527E922CE005BEF61 /* Project object */;
}
